// !$*UTF8*$!
{
	archiveVersion = 1;
	classes = {
	};
	objectVersion = 50;
	objects = {

/* Begin PBXBuildFile section */
		8D677C4224A9C1D8009D37F9 /* ImagesList.swift in Sources */ = {isa = PBXBuildFile; fileRef = 8D677C4124A9C1D8009D37F9 /* ImagesList.swift */; };
		8D677C4424A9C6FB009D37F9 /* ImagesModel.swift in Sources */ = {isa = PBXBuildFile; fileRef = 8D677C4324A9C6FB009D37F9 /* ImagesModel.swift */; };
		8D677C4824A9CB14009D37F9 /* sound.mp3 in Resources */ = {isa = PBXBuildFile; fileRef = 8D677C4724A9CB14009D37F9 /* sound.mp3 */; };
		8D677C4A24A9CB25009D37F9 /* maruSound.mp3 in Resources */ = {isa = PBXBuildFile; fileRef = 8D677C4924A9CB25009D37F9 /* maruSound.mp3 */; };
		8D677C4C24A9CB34009D37F9 /* batsuSound.mp3 in Resources */ = {isa = PBXBuildFile; fileRef = 8D677C4B24A9CB34009D37F9 /* batsuSound.mp3 */; };
		8D8B4AF824A990A60069A02C /* AppDelegate.swift in Sources */ = {isa = PBXBuildFile; fileRef = 8D8B4AF724A990A60069A02C /* AppDelegate.swift */; };
		8D8B4AFA24A990A60069A02C /* SceneDelegate.swift in Sources */ = {isa = PBXBuildFile; fileRef = 8D8B4AF924A990A60069A02C /* SceneDelegate.swift */; };
		8D8B4AFC24A990A60069A02C /* ViewController.swift in Sources */ = {isa = PBXBuildFile; fileRef = 8D8B4AFB24A990A60069A02C /* ViewController.swift */; };
		8D8B4AFF24A990A60069A02C /* Main.storyboard in Resources */ = {isa = PBXBuildFile; fileRef = 8D8B4AFD24A990A60069A02C /* Main.storyboard */; };
		8D8B4B0124A990A90069A02C /* Assets.xcassets in Resources */ = {isa = PBXBuildFile; fileRef = 8D8B4B0024A990A90069A02C /* Assets.xcassets */; };
		8D8B4B0424A990A90069A02C /* LaunchScreen.storyboard in Resources */ = {isa = PBXBuildFile; fileRef = 8D8B4B0224A990A90069A02C /* LaunchScreen.storyboard */; };
		8D8B4B1524A99A6B0069A02C /* NextViewController.swift in Sources */ = {isa = PBXBuildFile; fileRef = 8D8B4B1424A99A6B0069A02C /* NextViewController.swift */; };
		8DF5E3A624CFC83C00D87A51 /* SoundFile.swift in Sources */ = {isa = PBXBuildFile; fileRef = 8DF5E3A524CFC83C00D87A51 /* SoundFile.swift */; };
		8DF5E3A824CFD4C600D87A51 /* Animal.swift in Sources */ = {isa = PBXBuildFile; fileRef = 8DF5E3A724CFD4C600D87A51 /* Animal.swift */; };
		8DF5E3AA24CFD50C00D87A51 /* Human.swift in Sources */ = {isa = PBXBuildFile; fileRef = 8DF5E3A924CFD50C00D87A51 /* Human.swift */; };
		8DF5E3AC24CFD74A00D87A51 /* WithOutMP3.swift in Sources */ = {isa = PBXBuildFile; fileRef = 8DF5E3AB24CFD74A00D87A51 /* WithOutMP3.swift */; };
		8DF5E3AE24CFE9A700D87A51 /* ChangeColor.swift in Sources */ = {isa = PBXBuildFile; fileRef = 8DF5E3AD24CFE9A700D87A51 /* ChangeColor.swift */; };
/* End PBXBuildFile section */

/* Begin PBXFileReference section */
		8D677C4124A9C1D8009D37F9 /* ImagesList.swift */ = {isa = PBXFileReference; lastKnownFileType = sourcecode.swift; path = ImagesList.swift; sourceTree = "<group>"; };
		8D677C4324A9C6FB009D37F9 /* ImagesModel.swift */ = {isa = PBXFileReference; lastKnownFileType = sourcecode.swift; path = ImagesModel.swift; sourceTree = "<group>"; };
		8D677C4724A9CB14009D37F9 /* sound.mp3 */ = {isa = PBXFileReference; lastKnownFileType = audio.mp3; path = sound.mp3; sourceTree = "<group>"; };
		8D677C4924A9CB25009D37F9 /* maruSound.mp3 */ = {isa = PBXFileReference; lastKnownFileType = audio.mp3; path = maruSound.mp3; sourceTree = "<group>"; };
		8D677C4B24A9CB34009D37F9 /* batsuSound.mp3 */ = {isa = PBXFileReference; lastKnownFileType = audio.mp3; path = batsuSound.mp3; sourceTree = "<group>"; };
		8D8B4AF424A990A60069A02C /* QuestionApp01.app */ = {isa = PBXFileReference; explicitFileType = wrapper.application; includeInIndex = 0; path = QuestionApp01.app; sourceTree = BUILT_PRODUCTS_DIR; };
		8D8B4AF724A990A60069A02C /* AppDelegate.swift */ = {isa = PBXFileReference; lastKnownFileType = sourcecode.swift; path = AppDelegate.swift; sourceTree = "<group>"; };
		8D8B4AF924A990A60069A02C /* SceneDelegate.swift */ = {isa = PBXFileReference; lastKnownFileType = sourcecode.swift; path = SceneDelegate.swift; sourceTree = "<group>"; };
		8D8B4AFB24A990A60069A02C /* ViewController.swift */ = {isa = PBXFileReference; lastKnownFileType = sourcecode.swift; path = ViewController.swift; sourceTree = "<group>"; };
		8D8B4AFE24A990A60069A02C /* Base */ = {isa = PBXFileReference; lastKnownFileType = file.storyboard; name = Base; path = Base.lproj/Main.storyboard; sourceTree = "<group>"; };
		8D8B4B0024A990A90069A02C /* Assets.xcassets */ = {isa = PBXFileReference; lastKnownFileType = folder.assetcatalog; path = Assets.xcassets; sourceTree = "<group>"; };
		8D8B4B0324A990A90069A02C /* Base */ = {isa = PBXFileReference; lastKnownFileType = file.storyboard; name = Base; path = Base.lproj/LaunchScreen.storyboard; sourceTree = "<group>"; };
		8D8B4B0524A990A90069A02C /* Info.plist */ = {isa = PBXFileReference; lastKnownFileType = text.plist.xml; path = Info.plist; sourceTree = "<group>"; };
		8D8B4B1424A99A6B0069A02C /* NextViewController.swift */ = {isa = PBXFileReference; lastKnownFileType = sourcecode.swift; path = NextViewController.swift; sourceTree = "<group>"; };
		8DF5E3A524CFC83C00D87A51 /* SoundFile.swift */ = {isa = PBXFileReference; lastKnownFileType = sourcecode.swift; path = SoundFile.swift; sourceTree = "<group>"; };
		8DF5E3A724CFD4C600D87A51 /* Animal.swift */ = {isa = PBXFileReference; lastKnownFileType = sourcecode.swift; path = Animal.swift; sourceTree = "<group>"; };
		8DF5E3A924CFD50C00D87A51 /* Human.swift */ = {isa = PBXFileReference; lastKnownFileType = sourcecode.swift; path = Human.swift; sourceTree = "<group>"; };
		8DF5E3AB24CFD74A00D87A51 /* WithOutMP3.swift */ = {isa = PBXFileReference; lastKnownFileType = sourcecode.swift; path = WithOutMP3.swift; sourceTree = "<group>"; };
		8DF5E3AD24CFE9A700D87A51 /* ChangeColor.swift */ = {isa = PBXFileReference; lastKnownFileType = sourcecode.swift; path = ChangeColor.swift; sourceTree = "<group>"; };
/* End PBXFileReference section */

/* Begin PBXFrameworksBuildPhase section */
		8D8B4AF124A990A60069A02C /* Frameworks */ = {
			isa = PBXFrameworksBuildPhase;
			buildActionMask = 2147483647;
			files = (
			);
			runOnlyForDeploymentPostprocessing = 0;
		};
/* End PBXFrameworksBuildPhase section */

/* Begin PBXGroup section */
		8D8B4AEB24A990A60069A02C = {
			isa = PBXGroup;
			children = (
				8D8B4AF624A990A60069A02C /* QuestionApp01 */,
				8D8B4AF524A990A60069A02C /* Products */,
			);
			sourceTree = "<group>";
		};
		8D8B4AF524A990A60069A02C /* Products */ = {
			isa = PBXGroup;
			children = (
				8D8B4AF424A990A60069A02C /* QuestionApp01.app */,
			);
			name = Products;
			sourceTree = "<group>";
		};
		8D8B4AF624A990A60069A02C /* QuestionApp01 */ = {
			isa = PBXGroup;
			children = (
				8D8B4B1124A9941D0069A02C /* Model */,
				8D8B4B1224A9942B0069A02C /* View */,
				8D8B4B1324A994390069A02C /* Controller */,
				8D8B4B0224A990A90069A02C /* LaunchScreen.storyboard */,
				8D677C4B24A9CB34009D37F9 /* batsuSound.mp3 */,
				8D677C4924A9CB25009D37F9 /* maruSound.mp3 */,
				8D677C4724A9CB14009D37F9 /* sound.mp3 */,
				8D8B4B0524A990A90069A02C /* Info.plist */,
			);
			path = QuestionApp01;
			sourceTree = "<group>";
		};
		8D8B4B1124A9941D0069A02C /* Model */ = {
			isa = PBXGroup;
			children = (
				8DF5E3A724CFD4C600D87A51 /* Animal.swift */,
				8DF5E3A924CFD50C00D87A51 /* Human.swift */,
				8D677C4124A9C1D8009D37F9 /* ImagesList.swift */,
				8D677C4324A9C6FB009D37F9 /* ImagesModel.swift */,
				8DF5E3A524CFC83C00D87A51 /* SoundFile.swift */,
				8DF5E3AB24CFD74A00D87A51 /* WithOutMP3.swift */,
				8DF5E3AD24CFE9A700D87A51 /* ChangeColor.swift */,
			);
			path = Model;
			sourceTree = "<group>";
		};
		8D8B4B1224A9942B0069A02C /* View */ = {
			isa = PBXGroup;
			children = (
				8D8B4AFD24A990A60069A02C /* Main.storyboard */,
				8D8B4B0024A990A90069A02C /* Assets.xcassets */,
			);
			path = View;
			sourceTree = "<group>";
		};
		8D8B4B1324A994390069A02C /* Controller */ = {
			isa = PBXGroup;
			children = (
				8D8B4AF724A990A60069A02C /* AppDelegate.swift */,
				8D8B4AF924A990A60069A02C /* SceneDelegate.swift */,
				8D8B4AFB24A990A60069A02C /* ViewController.swift */,
				8D8B4B1424A99A6B0069A02C /* NextViewController.swift */,
			);
			path = Controller;
			sourceTree = "<group>";
		};
/* End PBXGroup section */

/* Begin PBXNativeTarget section */
		8D8B4AF324A990A60069A02C /* QuestionApp01 */ = {
			isa = PBXNativeTarget;
			buildConfigurationList = 8D8B4B0824A990A90069A02C /* Build configuration list for PBXNativeTarget "QuestionApp01" */;
			buildPhases = (
				8D8B4AF024A990A60069A02C /* Sources */,
				8D8B4AF124A990A60069A02C /* Frameworks */,
				8D8B4AF224A990A60069A02C /* Resources */,
			);
			buildRules = (
			);
			dependencies = (
			);
			name = QuestionApp01;
			productName = QuestionApp01;
			productReference = 8D8B4AF424A990A60069A02C /* QuestionApp01.app */;
			productType = "com.apple.product-type.application";
		};
/* End PBXNativeTarget section */

/* Begin PBXProject section */
		8D8B4AEC24A990A60069A02C /* Project object */ = {
			isa = PBXProject;
			attributes = {
				LastSwiftUpdateCheck = 1150;
				LastUpgradeCheck = 1150;
				ORGANIZATIONNAME = "中塚富士雄";
				TargetAttributes = {
					8D8B4AF324A990A60069A02C = {
						CreatedOnToolsVersion = 11.5;
					};
				};
			};
			buildConfigurationList = 8D8B4AEF24A990A60069A02C /* Build configuration list for PBXProject "QuestionApp01" */;
			compatibilityVersion = "Xcode 9.3";
			developmentRegion = en;
			hasScannedForEncodings = 0;
			knownRegions = (
				en,
				Base,
			);
			mainGroup = 8D8B4AEB24A990A60069A02C;
			productRefGroup = 8D8B4AF524A990A60069A02C /* Products */;
			projectDirPath = "";
			projectRoot = "";
			targets = (
				8D8B4AF324A990A60069A02C /* QuestionApp01 */,
			);
		};
/* End PBXProject section */

/* Begin PBXResourcesBuildPhase section */
		8D8B4AF224A990A60069A02C /* Resources */ = {
			isa = PBXResourcesBuildPhase;
			buildActionMask = 2147483647;
			files = (
				8D677C4824A9CB14009D37F9 /* sound.mp3 in Resources */,
				8D677C4A24A9CB25009D37F9 /* maruSound.mp3 in Resources */,
				8D8B4B0424A990A90069A02C /* LaunchScreen.storyboard in Resources */,
				8D8B4B0124A990A90069A02C /* Assets.xcassets in Resources */,
				8D677C4C24A9CB34009D37F9 /* batsuSound.mp3 in Resources */,
				8D8B4AFF24A990A60069A02C /* Main.storyboard in Resources */,
			);
			runOnlyForDeploymentPostprocessing = 0;
		};
/* End PBXResourcesBuildPhase section */

/* Begin PBXSourcesBuildPhase section */
		8D8B4AF024A990A60069A02C /* Sources */ = {
			isa = PBXSourcesBuildPhase;
			buildActionMask = 2147483647;
			files = (
				8D8B4AFC24A990A60069A02C /* ViewController.swift in Sources */,
				8DF5E3AE24CFE9A700D87A51 /* ChangeColor.swift in Sources */,
				8DF5E3A824CFD4C600D87A51 /* Animal.swift in Sources */,
				8DF5E3A624CFC83C00D87A51 /* SoundFile.swift in Sources */,
				8D8B4B1524A99A6B0069A02C /* NextViewController.swift in Sources */,
				8DF5E3AA24CFD50C00D87A51 /* Human.swift in Sources */,
				8D8B4AF824A990A60069A02C /* AppDelegate.swift in Sources */,
				8D8B4AFA24A990A60069A02C /* SceneDelegate.swift in Sources */,
				8DF5E3AC24CFD74A00D87A51 /* WithOutMP3.swift in Sources */,
				8D677C4224A9C1D8009D37F9 /* ImagesList.swift in Sources */,
				8D677C4424A9C6FB009D37F9 /* ImagesModel.swift in Sources */,
			);
			runOnlyForDeploymentPostprocessing = 0;
		};
/* End PBXSourcesBuildPhase section */

/* Begin PBXVariantGroup section */
		8D8B4AFD24A990A60069A02C /* Main.storyboard */ = {
			isa = PBXVariantGroup;
			children = (
				8D8B4AFE24A990A60069A02C /* Base */,
			);
			name = Main.storyboard;
			sourceTree = "<group>";
		};
		8D8B4B0224A990A90069A02C /* LaunchScreen.storyboard */ = {
			isa = PBXVariantGroup;
			children = (
				8D8B4B0324A990A90069A02C /* Base */,
			);
			name = LaunchScreen.storyboard;
			sourceTree = "<group>";
		};
/* End PBXVariantGroup section */

/* Begin XCBuildConfiguration section */
		8D8B4B0624A990A90069A02C /* Debug */ = {
			isa = XCBuildConfiguration;
			buildSettings = {
				ALWAYS_SEARCH_USER_PATHS = NO;
				CLANG_ANALYZER_NONNULL = YES;
				CLANG_ANALYZER_NUMBER_OBJECT_CONVERSION = YES_AGGRESSIVE;
				CLANG_CXX_LANGUAGE_STANDARD = "gnu++14";
				CLANG_CXX_LIBRARY = "libc++";
				CLANG_ENABLE_MODULES = YES;
				CLANG_ENABLE_OBJC_ARC = YES;
				CLANG_ENABLE_OBJC_WEAK = YES;
				CLANG_WARN_BLOCK_CAPTURE_AUTORELEASING = YES;
				CLANG_WARN_BOOL_CONVERSION = YES;
				CLANG_WARN_COMMA = YES;
				CLANG_WARN_CONSTANT_CONVERSION = YES;
				CLANG_WARN_DEPRECATED_OBJC_IMPLEMENTATIONS = YES;
				CLANG_WARN_DIRECT_OBJC_ISA_USAGE = YES_ERROR;
				CLANG_WARN_DOCUMENTATION_COMMENTS = YES;
				CLANG_WARN_EMPTY_BODY = YES;
				CLANG_WARN_ENUM_CONVERSION = YES;
				CLANG_WARN_INFINITE_RECURSION = YES;
				CLANG_WARN_INT_CONVERSION = YES;
				CLANG_WARN_NON_LITERAL_NULL_CONVERSION = YES;
				CLANG_WARN_OBJC_IMPLICIT_RETAIN_SELF = YES;
				CLANG_WARN_OBJC_LITERAL_CONVERSION = YES;
				CLANG_WARN_OBJC_ROOT_CLASS = YES_ERROR;
				CLANG_WARN_RANGE_LOOP_ANALYSIS = YES;
				CLANG_WARN_STRICT_PROTOTYPES = YES;
				CLANG_WARN_SUSPICIOUS_MOVE = YES;
				CLANG_WARN_UNGUARDED_AVAILABILITY = YES_AGGRESSIVE;
				CLANG_WARN_UNREACHABLE_CODE = YES;
				CLANG_WARN__DUPLICATE_METHOD_MATCH = YES;
				COPY_PHASE_STRIP = NO;
				DEBUG_INFORMATION_FORMAT = dwarf;
				ENABLE_STRICT_OBJC_MSGSEND = YES;
				ENABLE_TESTABILITY = YES;
				GCC_C_LANGUAGE_STANDARD = gnu11;
				GCC_DYNAMIC_NO_PIC = NO;
				GCC_NO_COMMON_BLOCKS = YES;
				GCC_OPTIMIZATION_LEVEL = 0;
				GCC_PREPROCESSOR_DEFINITIONS = (
					"DEBUG=1",
					"$(inherited)",
				);
				GCC_WARN_64_TO_32_BIT_CONVERSION = YES;
				GCC_WARN_ABOUT_RETURN_TYPE = YES_ERROR;
				GCC_WARN_UNDECLARED_SELECTOR = YES;
				GCC_WARN_UNINITIALIZED_AUTOS = YES_AGGRESSIVE;
				GCC_WARN_UNUSED_FUNCTION = YES;
				GCC_WARN_UNUSED_VARIABLE = YES;
				IPHONEOS_DEPLOYMENT_TARGET = 13.5;
				MTL_ENABLE_DEBUG_INFO = INCLUDE_SOURCE;
				MTL_FAST_MATH = YES;
				ONLY_ACTIVE_ARCH = YES;
				SDKROOT = iphoneos;
				SWIFT_ACTIVE_COMPILATION_CONDITIONS = DEBUG;
				SWIFT_OPTIMIZATION_LEVEL = "-Onone";
			};
			name = Debug;
		};
		8D8B4B0724A990A90069A02C /* Release */ = {
			isa = XCBuildConfiguration;
			buildSettings = {
				ALWAYS_SEARCH_USER_PATHS = NO;
				CLANG_ANALYZER_NONNULL = YES;
				CLANG_ANALYZER_NUMBER_OBJECT_CONVERSION = YES_AGGRESSIVE;
				CLANG_CXX_LANGUAGE_STANDARD = "gnu++14";
				CLANG_CXX_LIBRARY = "libc++";
				CLANG_ENABLE_MODULES = YES;
				CLANG_ENABLE_OBJC_ARC = YES;
				CLANG_ENABLE_OBJC_WEAK = YES;
				CLANG_WARN_BLOCK_CAPTURE_AUTORELEASING = YES;
				CLANG_WARN_BOOL_CONVERSION = YES;
				CLANG_WARN_COMMA = YES;
				CLANG_WARN_CONSTANT_CONVERSION = YES;
				CLANG_WARN_DEPRECATED_OBJC_IMPLEMENTATIONS = YES;
				CLANG_WARN_DIRECT_OBJC_ISA_USAGE = YES_ERROR;
				CLANG_WARN_DOCUMENTATION_COMMENTS = YES;
				CLANG_WARN_EMPTY_BODY = YES;
				CLANG_WARN_ENUM_CONVERSION = YES;
				CLANG_WARN_INFINITE_RECURSION = YES;
				CLANG_WARN_INT_CONVERSION = YES;
				CLANG_WARN_NON_LITERAL_NULL_CONVERSION = YES;
				CLANG_WARN_OBJC_IMPLICIT_RETAIN_SELF = YES;
				CLANG_WARN_OBJC_LITERAL_CONVERSION = YES;
				CLANG_WARN_OBJC_ROOT_CLASS = YES_ERROR;
				CLANG_WARN_RANGE_LOOP_ANALYSIS = YES;
				CLANG_WARN_STRICT_PROTOTYPES = YES;
				CLANG_WARN_SUSPICIOUS_MOVE = YES;
				CLANG_WARN_UNGUARDED_AVAILABILITY = YES_AGGRESSIVE;
				CLANG_WARN_UNREACHABLE_CODE = YES;
				CLANG_WARN__DUPLICATE_METHOD_MATCH = YES;
				COPY_PHASE_STRIP = NO;
				DEBUG_INFORMATION_FORMAT = "dwarf-with-dsym";
				ENABLE_NS_ASSERTIONS = NO;
				ENABLE_STRICT_OBJC_MSGSEND = YES;
				GCC_C_LANGUAGE_STANDARD = gnu11;
				GCC_NO_COMMON_BLOCKS = YES;
				GCC_WARN_64_TO_32_BIT_CONVERSION = YES;
				GCC_WARN_ABOUT_RETURN_TYPE = YES_ERROR;
				GCC_WARN_UNDECLARED_SELECTOR = YES;
				GCC_WARN_UNINITIALIZED_AUTOS = YES_AGGRESSIVE;
				GCC_WARN_UNUSED_FUNCTION = YES;
				GCC_WARN_UNUSED_VARIABLE = YES;
				IPHONEOS_DEPLOYMENT_TARGET = 13.5;
				MTL_ENABLE_DEBUG_INFO = NO;
				MTL_FAST_MATH = YES;
				SDKROOT = iphoneos;
				SWIFT_COMPILATION_MODE = wholemodule;
				SWIFT_OPTIMIZATION_LEVEL = "-O";
				VALIDATE_PRODUCT = YES;
			};
			name = Release;
		};
		8D8B4B0924A990A90069A02C /* Debug */ = {
			isa = XCBuildConfiguration;
			buildSettings = {
				ASSETCATALOG_COMPILER_APPICON_NAME = AppIcon;
				CODE_SIGN_STYLE = Automatic;
				DEVELOPMENT_TEAM = XHN5S8Z76G;
				INFOPLIST_FILE = QuestionApp01/Info.plist;
				LD_RUNPATH_SEARCH_PATHS = (
					"$(inherited)",
					"@executable_path/Frameworks",
				);
				PRODUCT_BUNDLE_IDENTIFIER = com.nifty.cbm01799.QuestionApp01;
				PRODUCT_NAME = "$(TARGET_NAME)";
				SWIFT_VERSION = 5.0;
				TARGETED_DEVICE_FAMILY = 1;
			};
			name = Debug;
		};
		8D8B4B0A24A990A90069A02C /* Release */ = {
			isa = XCBuildConfiguration;
			buildSettings = {
				ASSETCATALOG_COMPILER_APPICON_NAME = AppIcon;
				CODE_SIGN_STYLE = Automatic;
				DEVELOPMENT_TEAM = XHN5S8Z76G;
				INFOPLIST_FILE = QuestionApp01/Info.plist;
				LD_RUNPATH_SEARCH_PATHS = (
					"$(inherited)",
					"@executable_path/Frameworks",
				);
				PRODUCT_BUNDLE_IDENTIFIER = com.nifty.cbm01799.QuestionApp01;
				PRODUCT_NAME = "$(TARGET_NAME)";
				SWIFT_VERSION = 5.0;
				TARGETED_DEVICE_FAMILY = 1;
			};
			name = Release;
		};
/* End XCBuildConfiguration section */

/* Begin XCConfigurationList section */
		8D8B4AEF24A990A60069A02C /* Build configuration list for PBXProject "QuestionApp01" */ = {
			isa = XCConfigurationList;
			buildConfigurations = (
				8D8B4B0624A990A90069A02C /* Debug */,
				8D8B4B0724A990A90069A02C /* Release */,
			);
			defaultConfigurationIsVisible = 0;
			defaultConfigurationName = Release;
		};
		8D8B4B0824A990A90069A02C /* Build configuration list for PBXNativeTarget "QuestionApp01" */ = {
			isa = XCConfigurationList;
			buildConfigurations = (
				8D8B4B0924A990A90069A02C /* Debug */,
				8D8B4B0A24A990A90069A02C /* Release */,
			);
			defaultConfigurationIsVisible = 0;
			defaultConfigurationName = Release;
		};
/* End XCConfigurationList section */
	};
	rootObject = 8D8B4AEC24A990A60069A02C /* Project object */;
}
